lockfileVersion: '9.0'

settings:
  autoInstallPeers: true
  excludeLinksFromLockfile: false

importers:

  .:
    devDependencies:
      '@tauri-apps/cli':
        specifier: ^2
        version: 2.8.1

packages:

  '@tauri-apps/cli-darwin-arm64@2.8.1':
    resolution: {integrity: sha512-301XWcDozcvJ79uMRquSvgI4vvAxetFs+reMpBI1U5mSWixjUqxZjxs9UDJAtE+GFXdGYTjSLUxCKe5WBDKZ/A==}
    engines: {node: '>= 10'}
    cpu: [arm64]
    os: [darwin]

  '@tauri-apps/cli-darwin-x64@2.8.1':
    resolution: {integrity: sha512-fJpOD/jWNy3sn27mjPGexBxGPTCgoCu29C+7qBV8kKJQGrRB4/zJk2zMqcKMjV/1Dma47n+saQWXLFwGpRUHgQ==}
    engines: {node: '>= 10'}
    cpu: [x64]
    os: [darwin]

  '@tauri-apps/cli-linux-arm-gnueabihf@2.8.1':
    resolution: {integrity: sha512-BcrZiInB3xjdV/Q2yv88aAz4Ajrxomd1+oePUO8ZWVpdhFwMZaAAOMbpPVgrlanGBeSzU7Aim9i1Opz/+JYiDA==}
    engines: {node: '>= 10'}
    cpu: [arm]
    os: [linux]

  '@tauri-apps/cli-linux-arm64-gnu@2.8.1':
    resolution: {integrity: sha512-uZXaQrcdk55h4qWSe3pngg6LMUwVUIoluxXG/cmKHeq8LddlUdKpj3OaSPahLWip1Ol6hq14ysvywzsrdhM4kA==}
    engines: {node: '>= 10'}
    cpu: [arm64]
    os: [linux]

  '@tauri-apps/cli-linux-arm64-musl@2.8.1':
    resolution: {integrity: sha512-VK/zwBzQY9SfyK7RSrxlIRQLJyhyssoByYWPK/FJMre8SV/y8zZ071cTQNG9dPWM1f+onI1WPTleG+TBUq/0Gw==}
    engines: {node: '>= 10'}
    cpu: [arm64]
    os: [linux]

  '@tauri-apps/cli-linux-riscv64-gnu@2.8.1':
    resolution: {integrity: sha512-bFw3zK6xkyurDR5kw2QgiU6YFlFNrfgtli3wRdTRv8zSVLZMQ2iZ8keYnd57vpvsbZ9PusFPYAMS7Fkzkf9I4g==}
    engines: {node: '>= 10'}
    cpu: [riscv64]
    os: [linux]

  '@tauri-apps/cli-linux-x64-gnu@2.8.1':
    resolution: {integrity: sha512-zOnFX+Rppuz0UVVSeCi67lMet8le+yT4UIiQ6t/QYGtpoWO/D4GpMoVYehJlR14klNXrC2CRxT9b3BUWTCEBwA==}
    engines: {node: '>= 10'}
    cpu: [x64]
    os: [linux]

  '@tauri-apps/cli-linux-x64-musl@2.8.1':
    resolution: {integrity: sha512-gLy6eisaeOTC6NQirs3a0XZNCVT/i7JPYHkXx6ArH6+Kb9IU8ogthTY4MQoYbkWmdOp3ijKX+RT1dD3IZURrEg==}
    engines: {node: '>= 10'}
    cpu: [x64]
    os: [linux]

  '@tauri-apps/cli-win32-arm64-msvc@2.8.1':
    resolution: {integrity: sha512-ciZ93Dm847zFDqRyc1e0YRiu/cdWne1bMhvifcZOibbyqSKB9o+b95Y5axMtXqR4Wsd2mHiC5TE+MVF3NDsdEw==}
    engines: {node: '>= 10'}
    cpu: [arm64]
    os: [win32]

  '@tauri-apps/cli-win32-ia32-msvc@2.8.1':
    resolution: {integrity: sha512-uWUa503Pw53XidUvcqWOvVsBY7vpQs+ZlTyQgXSnPuTiMF1l5bFEzqoHMvZfIL3MFG13xCAqVK1bR7lFB/6qMQ==}
    engines: {node: '>= 10'}
    cpu: [ia32]
    os: [win32]

  '@tauri-apps/cli-win32-x64-msvc@2.8.1':
    resolution: {integrity: sha512-KmiT0vI7FMBWfk5YDQg7+WcjzuMdeaHOQ7H0podZ7lyJg2qo2DpbGp8y+fMVCRsmvQx5bW6Cyh1ArfO1kkUInA==}
    engines: {node: '>= 10'}
    cpu: [x64]
    os: [win32]

  '@tauri-apps/cli@2.8.1':
    resolution: {integrity: sha512-ONVAfI7PFUO6MdSq9dh2YwlIb1cAezrzqrWw2+TChVskoqzDyyzncU7yXlcph/H/nR/kNDEY3E1pC8aV3TVCNQ==}
    engines: {node: '>= 10'}
    hasBin: true

snapshots:

  '@tauri-apps/cli-darwin-arm64@2.8.1':
    optional: true

  '@tauri-apps/cli-darwin-x64@2.8.1':
    optional: true

  '@tauri-apps/cli-linux-arm-gnueabihf@2.8.1':
    optional: true

  '@tauri-apps/cli-linux-arm64-gnu@2.8.1':
    optional: true

  '@tauri-apps/cli-linux-arm64-musl@2.8.1':
    optional: true

  '@tauri-apps/cli-linux-riscv64-gnu@2.8.1':
    optional: true

  '@tauri-apps/cli-linux-x64-gnu@2.8.1':
    optional: true

  '@tauri-apps/cli-linux-x64-musl@2.8.1':
    optional: true

  '@tauri-apps/cli-win32-arm64-msvc@2.8.1':
    optional: true

  '@tauri-apps/cli-win32-ia32-msvc@2.8.1':
    optional: true

  '@tauri-apps/cli-win32-x64-msvc@2.8.1':
    optional: true

  '@tauri-apps/cli@2.8.1':
    optionalDependencies:
      '@tauri-apps/cli-darwin-arm64': 2.8.1
      '@tauri-apps/cli-darwin-x64': 2.8.1
      '@tauri-apps/cli-linux-arm-gnueabihf': 2.8.1
      '@tauri-apps/cli-linux-arm64-gnu': 2.8.1
      '@tauri-apps/cli-linux-arm64-musl': 2.8.1
      '@tauri-apps/cli-linux-riscv64-gnu': 2.8.1
      '@tauri-apps/cli-linux-x64-gnu': 2.8.1
      '@tauri-apps/cli-linux-x64-musl': 2.8.1
      '@tauri-apps/cli-win32-arm64-msvc': 2.8.1
      '@tauri-apps/cli-win32-ia32-msvc': 2.8.1
      '@tauri-apps/cli-win32-x64-msvc': 2.8.1
